
Microsoft Visual Studio Solution File, Format Version 12.00
# Visual Studio Version 16
VisualStudioVersion = 16.0.32802.440
MinimumVisualStudioVersion = 10.0.40219.1
Project("{FAE04EC0-301F-11D3-BF4B-00C04F79EFBC}") = "ApiRepositorio", "ApiRepositorio\ApiRepositorio.csproj", "{477FAA60-EDBD-4B37-8FE3-ECDE5875ED2F}"
EndProject
Global
	GlobalSection(SolutionConfigurationPlatforms) = preSolution
		Debug|Any CPU = Debug|Any CPU
		Release|Any CPU = Release|Any CPU
	EndGlobalSection
	GlobalSection(ProjectConfigurationPlatforms) = postSolution
		{477FAA60-EDBD-4B37-8FE3-ECDE5875ED2F}.Debug|Any CPU.ActiveCfg = Debug|Any CPU
		{477FAA60-EDBD-4B37-8FE3-ECDE5875ED2F}.Debug|Any CPU.Build.0 = Debug|Any CPU
		{477FAA60-EDBD-4B37-8FE3-ECDE5875ED2F}.Release|Any CPU.ActiveCfg = Release|Any CPU
		{477FAA60-EDBD-4B37-8FE3-ECDE5875ED2F}.Release|Any CPU.Build.0 = Release|Any CPU
	EndGlobalSection
	GlobalSection(SolutionProperties) = preSolution
		HideSolutionNode = FALSE
	EndGlobalSection
	GlobalSection(ExtensibilityGlobals) = postSolution
		SolutionGuid = {C22AC137-FA40-461E-8712-99224A46C6B2}
	EndGlobalSection
	GlobalSection(TeamFoundationVersionControl) = preSolution
		SccNumberOfProjects = 2
		SccEnterpriseProvider = {4CA58AB2-18FA-4F8D-95D4-32DDF27D184C}
		SccTeamFoundationServer = https://dev.azure.com/guildatfs
		SccLocalPath0 = .
		SccProjectUniqueName1 = ApiRepositorio\\ApiRepositorio.csproj
		SccLocalPath1 = ApiRepositorio
	EndGlobalSection
EndGlobal
